
Microsoft Visual Studio Solution File, Format Version 11.00
# Visual Studio 2010
Project("{FAE04EC0-301F-11D3-BF4B-00C04F79EFBC}") = "OpenRasta", "OpenRasta\OpenRasta.csproj", "{92B7C8AF-0410-4BB8-9A0B-B236BC959865}"
EndProject
Project("{FAE04EC0-301F-11D3-BF4B-00C04F79EFBC}") = "OpenRasta.Codecs.SharpView", "OpenRasta.Codecs.SharpView\OpenRasta.Codecs.SharpView.csproj", "{42484251-212D-43C9-9F69-F1EC504967C9}"
EndProject
Project("{FAE04EC0-301F-11D3-BF4B-00C04F79EFBC}") = "OpenRasta.Codecs.SharpView.Tests.Unit", "OpenRasta.Codecs.SharpView.Tests.Unit\OpenRasta.Codecs.SharpView.Tests.Unit.csproj", "{C09FCE44-CB0B-470E-B7F0-C52FD71389B8}"
EndProject
Project("{FAE04EC0-301F-11D3-BF4B-00C04F79EFBC}") = "OpenRasta.Codecs.WebForms", "OpenRasta.Codecs.WebForms\OpenRasta.Codecs.WebForms.csproj", "{C8686D84-A18A-4C31-8186-4DEEB89E5BFC}"
EndProject
Project("{FAE04EC0-301F-11D3-BF4B-00C04F79EFBC}") = "OpenRasta.Codecs.WebForms.Tests.Unit", "OpenRasta.Codecs.WebForms.Tests.Unit\OpenRasta.Codecs.WebForms.Tests.Unit.csproj", "{F56A94A2-58A9-4907-8C91-25FC6BE22517}"
EndProject
Project("{FAE04EC0-301F-11D3-BF4B-00C04F79EFBC}") = "OpenRasta.DI.Ninject", "OpenRasta.DI.Ninject\OpenRasta.DI.Ninject.csproj", "{20AA017C-DBD1-49F9-9556-3691AAC3938F}"
EndProject
Project("{FAE04EC0-301F-11D3-BF4B-00C04F79EFBC}") = "OpenRasta.DI.Ninject.Tests.Unit", "OpenRasta.DI.Ninject.Tests.Unit\OpenRasta.DI.Ninject.Tests.Unit.csproj", "{A15FC7BE-EB4E-425C-A644-61F12B8D7BB1}"
EndProject
Project("{FAE04EC0-301F-11D3-BF4B-00C04F79EFBC}") = "OpenRasta.DI.Unity", "OpenRasta.DI.Unity\OpenRasta.DI.Unity.csproj", "{33D34010-173C-42A1-A3B9-7D84BCCEBDFE}"
EndProject
Project("{FAE04EC0-301F-11D3-BF4B-00C04F79EFBC}") = "OpenRasta.DI.Unity.Tests.Unit", "OpenRasta.DI.Unity.Tests.Unit\OpenRasta.DI.Unity.Tests.Unit.csproj", "{40E05BF6-35D3-470D-88EB-54F9F397A4DC}"
EndProject
Project("{FAE04EC0-301F-11D3-BF4B-00C04F79EFBC}") = "OpenRasta.DI.Windsor", "OpenRasta.DI.Windsor\OpenRasta.DI.Windsor.csproj", "{9D8DA495-3174-4DC5-8A52-5E17B9EE8BDC}"
EndProject
Project("{FAE04EC0-301F-11D3-BF4B-00C04F79EFBC}") = "OpenRasta.DI.Windsor.Tests.Unit", "OpenRasta.DI.Windsor.Tests.Unit\OpenRasta.DI.Windsor.Tests.Unit.csproj", "{C3842264-9A89-42E3-9F1F-4604EEB86BCE}"
EndProject
Project("{FAE04EC0-301F-11D3-BF4B-00C04F79EFBC}") = "OpenRasta.Testing.Hosting", "OpenRasta.Testing.Hosting\OpenRasta.Testing.Hosting.csproj", "{9932054F-401D-4EFA-93A6-5D14B1585207}"
EndProject
Project("{FAE04EC0-301F-11D3-BF4B-00C04F79EFBC}") = "OpenRasta.Hosting.AspNet", "OpenRasta.Hosting.AspNet\OpenRasta.Hosting.AspNet.csproj", "{89E49D60-F7E9-4099-A8F8-5E1A3836D3DF}"
EndProject
Project("{FAE04EC0-301F-11D3-BF4B-00C04F79EFBC}") = "OpenRasta.Hosting.AspNet.Tests.Integration", "OpenRasta.Hosting.AspNet.Tests.Integration\OpenRasta.Hosting.AspNet.Tests.Integration.csproj", "{07EBAFCB-D89E-440F-AB1C-EC77EE11BCA5}"
EndProject
Project("{FAE04EC0-301F-11D3-BF4B-00C04F79EFBC}") = "OpenRasta.Testing.Hosting.Iis7", "OpenRasta.Testing.Hosting.Iis7\OpenRasta.Testing.Hosting.Iis7.csproj", "{3CE81FBD-CE98-4EC7-A016-B2F95E1E2E63}"
EndProject
Project("{FAE04EC0-301F-11D3-BF4B-00C04F79EFBC}") = "OpenRasta.Testing.Hosting.Iis7.WorkerProcess-32", "OpenRasta.Testing.Hosting.Iis7.WorkerProcess-32\OpenRasta.Testing.Hosting.Iis7.WorkerProcess-32.csproj", "{777C124E-A087-4407-9D77-AAC8DB10D41F}"
EndProject
Project("{FAE04EC0-301F-11D3-BF4B-00C04F79EFBC}") = "OpenRasta.Testing.Hosting.Iis7.WorkerProcess-64", "OpenRasta.Testing.Hosting.Iis7.WorkerProcess-64\OpenRasta.Testing.Hosting.Iis7.WorkerProcess-64.csproj", "{4CC34437-7708-4584-BF29-1CBD5A9348BF}"
EndProject
Project("{FAE04EC0-301F-11D3-BF4B-00C04F79EFBC}") = "OpenRasta.Testing.Hosting.TestRunner", "OpenRasta.Testing.Hosting.TestRunner\OpenRasta.Testing.Hosting.TestRunner.csproj", "{BB991D58-D3DE-4F05-ABE1-EFE7DF1971E3}"
EndProject
Project("{FAE04EC0-301F-11D3-BF4B-00C04F79EFBC}") = "OpenRasta.Testing", "OpenRasta.Testing\OpenRasta.Testing.csproj", "{47EC9B20-C937-4049-9E68-80F13A82148F}"
EndProject
Project("{FAE04EC0-301F-11D3-BF4B-00C04F79EFBC}") = "OpenRasta.Tests.Integration", "OpenRasta.Tests.Integration\OpenRasta.Tests.Integration.csproj", "{59F4C5E3-2F36-4396-B82C-2CF8EA24DB87}"
EndProject
Project("{FAE04EC0-301F-11D3-BF4B-00C04F79EFBC}") = "OpenRasta.Tests.Unit", "OpenRasta.Tests.Unit\OpenRasta.Tests.Unit.csproj", "{66E36FFF-E0DE-4E7B-ABF0-77CD76FE2C12}"
EndProject
Project("{2150E333-8FDC-42A3-9474-1A3956D46DE8}") = "Core", "Core", "{55B5E878-0936-4E09-BC08-9919084340D0}"
EndProject
Project("{2150E333-8FDC-42A3-9474-1A3956D46DE8}") = "Presentation", "Presentation", "{B57A4401-0030-40DF-92A5-34C6D236A33F}"
EndProject
Project("{2150E333-8FDC-42A3-9474-1A3956D46DE8}") = "Framework", "Framework", "{635DBBC5-2311-40C2-8BD7-06A8AFC54259}"
EndProject
Project("{2150E333-8FDC-42A3-9474-1A3956D46DE8}") = "Infrastructure", "Infrastructure", "{40CBE893-D639-45AC-86FE-BB4726660624}"
EndProject
Project("{2150E333-8FDC-42A3-9474-1A3956D46DE8}") = "Tests", "Tests", "{5053A23D-6227-4599-B48F-234E3C4C8212}"
EndProject
Project("{2150E333-8FDC-42A3-9474-1A3956D46DE8}") = "Build", "Build", "{D4D9F555-34B9-4EBC-A477-B165C5F1AF41}"
EndProject
Project("{FAE04EC0-301F-11D3-BF4B-00C04F79EFBC}") = "OpenRasta.Build", "..\Build\OpenRasta.Build.csproj", "{D0393E31-6D4B-4580-9718-A8A730CDCB69}"
EndProject
Project("{2150E333-8FDC-42A3-9474-1A3956D46DE8}") = "Testing", "Testing", "{83698C07-C8AC-4216-A748-B0B0B62EEEB5}"
EndProject
Global
	GlobalSection(SolutionConfigurationPlatforms) = preSolution
		Debug|Any CPU = Debug|Any CPU
		Release|Any CPU = Release|Any CPU
	EndGlobalSection
	GlobalSection(ProjectConfigurationPlatforms) = postSolution
		{92B7C8AF-0410-4BB8-9A0B-B236BC959865}.Debug|Any CPU.ActiveCfg = Debug|Any CPU
		{92B7C8AF-0410-4BB8-9A0B-B236BC959865}.Debug|Any CPU.Build.0 = Debug|Any CPU
		{92B7C8AF-0410-4BB8-9A0B-B236BC959865}.Release|Any CPU.ActiveCfg = Release|Any CPU
		{92B7C8AF-0410-4BB8-9A0B-B236BC959865}.Release|Any CPU.Build.0 = Release|Any CPU
		{42484251-212D-43C9-9F69-F1EC504967C9}.Debug|Any CPU.ActiveCfg = Debug|Any CPU
		{42484251-212D-43C9-9F69-F1EC504967C9}.Debug|Any CPU.Build.0 = Debug|Any CPU
		{42484251-212D-43C9-9F69-F1EC504967C9}.Release|Any CPU.ActiveCfg = Release|Any CPU
		{42484251-212D-43C9-9F69-F1EC504967C9}.Release|Any CPU.Build.0 = Release|Any CPU
		{C09FCE44-CB0B-470E-B7F0-C52FD71389B8}.Debug|Any CPU.ActiveCfg = Debug|Any CPU
		{C09FCE44-CB0B-470E-B7F0-C52FD71389B8}.Debug|Any CPU.Build.0 = Debug|Any CPU
		{C09FCE44-CB0B-470E-B7F0-C52FD71389B8}.Release|Any CPU.ActiveCfg = Release|Any CPU
		{C09FCE44-CB0B-470E-B7F0-C52FD71389B8}.Release|Any CPU.Build.0 = Release|Any CPU
		{C8686D84-A18A-4C31-8186-4DEEB89E5BFC}.Debug|Any CPU.ActiveCfg = Debug|Any CPU
		{C8686D84-A18A-4C31-8186-4DEEB89E5BFC}.Debug|Any CPU.Build.0 = Debug|Any CPU
		{C8686D84-A18A-4C31-8186-4DEEB89E5BFC}.Release|Any CPU.ActiveCfg = Release|Any CPU
		{C8686D84-A18A-4C31-8186-4DEEB89E5BFC}.Release|Any CPU.Build.0 = Release|Any CPU
		{F56A94A2-58A9-4907-8C91-25FC6BE22517}.Debug|Any CPU.ActiveCfg = Debug|Any CPU
		{F56A94A2-58A9-4907-8C91-25FC6BE22517}.Debug|Any CPU.Build.0 = Debug|Any CPU
		{F56A94A2-58A9-4907-8C91-25FC6BE22517}.Release|Any CPU.ActiveCfg = Release|Any CPU
		{F56A94A2-58A9-4907-8C91-25FC6BE22517}.Release|Any CPU.Build.0 = Release|Any CPU
		{20AA017C-DBD1-49F9-9556-3691AAC3938F}.Debug|Any CPU.ActiveCfg = Debug|Any CPU
		{20AA017C-DBD1-49F9-9556-3691AAC3938F}.Debug|Any CPU.Build.0 = Debug|Any CPU
		{20AA017C-DBD1-49F9-9556-3691AAC3938F}.Release|Any CPU.ActiveCfg = Release|Any CPU
		{20AA017C-DBD1-49F9-9556-3691AAC3938F}.Release|Any CPU.Build.0 = Release|Any CPU
		{A15FC7BE-EB4E-425C-A644-61F12B8D7BB1}.Debug|Any CPU.ActiveCfg = Debug|Any CPU
		{A15FC7BE-EB4E-425C-A644-61F12B8D7BB1}.Debug|Any CPU.Build.0 = Debug|Any CPU
		{A15FC7BE-EB4E-425C-A644-61F12B8D7BB1}.Release|Any CPU.ActiveCfg = Release|Any CPU
		{A15FC7BE-EB4E-425C-A644-61F12B8D7BB1}.Release|Any CPU.Build.0 = Release|Any CPU
		{33D34010-173C-42A1-A3B9-7D84BCCEBDFE}.Debug|Any CPU.ActiveCfg = Debug|Any CPU
		{33D34010-173C-42A1-A3B9-7D84BCCEBDFE}.Debug|Any CPU.Build.0 = Debug|Any CPU
		{33D34010-173C-42A1-A3B9-7D84BCCEBDFE}.Release|Any CPU.ActiveCfg = Release|Any CPU
		{33D34010-173C-42A1-A3B9-7D84BCCEBDFE}.Release|Any CPU.Build.0 = Release|Any CPU
		{40E05BF6-35D3-470D-88EB-54F9F397A4DC}.Debug|Any CPU.ActiveCfg = Debug|Any CPU
		{40E05BF6-35D3-470D-88EB-54F9F397A4DC}.Debug|Any CPU.Build.0 = Debug|Any CPU
		{40E05BF6-35D3-470D-88EB-54F9F397A4DC}.Release|Any CPU.ActiveCfg = Release|Any CPU
		{40E05BF6-35D3-470D-88EB-54F9F397A4DC}.Release|Any CPU.Build.0 = Release|Any CPU
		{9D8DA495-3174-4DC5-8A52-5E17B9EE8BDC}.Debug|Any CPU.ActiveCfg = Debug|Any CPU
		{9D8DA495-3174-4DC5-8A52-5E17B9EE8BDC}.Debug|Any CPU.Build.0 = Debug|Any CPU
		{9D8DA495-3174-4DC5-8A52-5E17B9EE8BDC}.Release|Any CPU.ActiveCfg = Release|Any CPU
		{9D8DA495-3174-4DC5-8A52-5E17B9EE8BDC}.Release|Any CPU.Build.0 = Release|Any CPU
		{C3842264-9A89-42E3-9F1F-4604EEB86BCE}.Debug|Any CPU.ActiveCfg = Debug|Any CPU
		{C3842264-9A89-42E3-9F1F-4604EEB86BCE}.Debug|Any CPU.Build.0 = Debug|Any CPU
		{C3842264-9A89-42E3-9F1F-4604EEB86BCE}.Release|Any CPU.ActiveCfg = Release|Any CPU
		{C3842264-9A89-42E3-9F1F-4604EEB86BCE}.Release|Any CPU.Build.0 = Release|Any CPU
		{9932054F-401D-4EFA-93A6-5D14B1585207}.Debug|Any CPU.ActiveCfg = Debug|Any CPU
		{9932054F-401D-4EFA-93A6-5D14B1585207}.Debug|Any CPU.Build.0 = Debug|Any CPU
		{9932054F-401D-4EFA-93A6-5D14B1585207}.Release|Any CPU.ActiveCfg = Release|Any CPU
		{9932054F-401D-4EFA-93A6-5D14B1585207}.Release|Any CPU.Build.0 = Release|Any CPU
		{89E49D60-F7E9-4099-A8F8-5E1A3836D3DF}.Debug|Any CPU.ActiveCfg = Debug|Any CPU
		{89E49D60-F7E9-4099-A8F8-5E1A3836D3DF}.Debug|Any CPU.Build.0 = Debug|Any CPU
		{89E49D60-F7E9-4099-A8F8-5E1A3836D3DF}.Release|Any CPU.ActiveCfg = Release|Any CPU
		{89E49D60-F7E9-4099-A8F8-5E1A3836D3DF}.Release|Any CPU.Build.0 = Release|Any CPU
		{07EBAFCB-D89E-440F-AB1C-EC77EE11BCA5}.Debug|Any CPU.ActiveCfg = Debug|Any CPU
		{07EBAFCB-D89E-440F-AB1C-EC77EE11BCA5}.Debug|Any CPU.Build.0 = Debug|Any CPU
		{07EBAFCB-D89E-440F-AB1C-EC77EE11BCA5}.Release|Any CPU.ActiveCfg = Release|Any CPU
		{07EBAFCB-D89E-440F-AB1C-EC77EE11BCA5}.Release|Any CPU.Build.0 = Release|Any CPU
		{3CE81FBD-CE98-4EC7-A016-B2F95E1E2E63}.Debug|Any CPU.ActiveCfg = Debug|Any CPU
		{3CE81FBD-CE98-4EC7-A016-B2F95E1E2E63}.Debug|Any CPU.Build.0 = Debug|Any CPU
		{3CE81FBD-CE98-4EC7-A016-B2F95E1E2E63}.Release|Any CPU.ActiveCfg = Release|Any CPU
		{3CE81FBD-CE98-4EC7-A016-B2F95E1E2E63}.Release|Any CPU.Build.0 = Release|Any CPU
		{777C124E-A087-4407-9D77-AAC8DB10D41F}.Debug|Any CPU.ActiveCfg = Debug|Any CPU
		{777C124E-A087-4407-9D77-AAC8DB10D41F}.Debug|Any CPU.Build.0 = Debug|Any CPU
		{777C124E-A087-4407-9D77-AAC8DB10D41F}.Release|Any CPU.ActiveCfg = Release|Any CPU
		{777C124E-A087-4407-9D77-AAC8DB10D41F}.Release|Any CPU.Build.0 = Release|Any CPU
		{4CC34437-7708-4584-BF29-1CBD5A9348BF}.Debug|Any CPU.ActiveCfg = Debug|Any CPU
		{4CC34437-7708-4584-BF29-1CBD5A9348BF}.Debug|Any CPU.Build.0 = Debug|Any CPU
		{4CC34437-7708-4584-BF29-1CBD5A9348BF}.Release|Any CPU.ActiveCfg = Release|Any CPU
		{4CC34437-7708-4584-BF29-1CBD5A9348BF}.Release|Any CPU.Build.0 = Release|Any CPU
		{BB991D58-D3DE-4F05-ABE1-EFE7DF1971E3}.Debug|Any CPU.ActiveCfg = Debug|Any CPU
		{BB991D58-D3DE-4F05-ABE1-EFE7DF1971E3}.Debug|Any CPU.Build.0 = Debug|Any CPU
		{BB991D58-D3DE-4F05-ABE1-EFE7DF1971E3}.Release|Any CPU.ActiveCfg = Release|Any CPU
		{BB991D58-D3DE-4F05-ABE1-EFE7DF1971E3}.Release|Any CPU.Build.0 = Release|Any CPU
		{47EC9B20-C937-4049-9E68-80F13A82148F}.Debug|Any CPU.ActiveCfg = Debug|Any CPU
		{47EC9B20-C937-4049-9E68-80F13A82148F}.Debug|Any CPU.Build.0 = Debug|Any CPU
		{47EC9B20-C937-4049-9E68-80F13A82148F}.Release|Any CPU.ActiveCfg = Release|Any CPU
		{47EC9B20-C937-4049-9E68-80F13A82148F}.Release|Any CPU.Build.0 = Release|Any CPU
		{59F4C5E3-2F36-4396-B82C-2CF8EA24DB87}.Debug|Any CPU.ActiveCfg = Debug|Any CPU
		{59F4C5E3-2F36-4396-B82C-2CF8EA24DB87}.Debug|Any CPU.Build.0 = Debug|Any CPU
		{59F4C5E3-2F36-4396-B82C-2CF8EA24DB87}.Release|Any CPU.ActiveCfg = Release|Any CPU
		{59F4C5E3-2F36-4396-B82C-2CF8EA24DB87}.Release|Any CPU.Build.0 = Release|Any CPU
		{66E36FFF-E0DE-4E7B-ABF0-77CD76FE2C12}.Debug|Any CPU.ActiveCfg = Debug|Any CPU
		{66E36FFF-E0DE-4E7B-ABF0-77CD76FE2C12}.Debug|Any CPU.Build.0 = Debug|Any CPU
		{66E36FFF-E0DE-4E7B-ABF0-77CD76FE2C12}.Release|Any CPU.ActiveCfg = Release|Any CPU
		{66E36FFF-E0DE-4E7B-ABF0-77CD76FE2C12}.Release|Any CPU.Build.0 = Release|Any CPU
		{D0393E31-6D4B-4580-9718-A8A730CDCB69}.Debug|Any CPU.ActiveCfg = Debug|Any CPU
		{D0393E31-6D4B-4580-9718-A8A730CDCB69}.Release|Any CPU.ActiveCfg = Release|Any CPU
	EndGlobalSection
	GlobalSection(SolutionProperties) = preSolution
		HideSolutionNode = FALSE
	EndGlobalSection
	GlobalSection(NestedProjects) = preSolution
		{92B7C8AF-0410-4BB8-9A0B-B236BC959865} = {55B5E878-0936-4E09-BC08-9919084340D0}
		{C09FCE44-CB0B-470E-B7F0-C52FD71389B8} = {B57A4401-0030-40DF-92A5-34C6D236A33F}
		{C8686D84-A18A-4C31-8186-4DEEB89E5BFC} = {B57A4401-0030-40DF-92A5-34C6D236A33F}
		{F56A94A2-58A9-4907-8C91-25FC6BE22517} = {B57A4401-0030-40DF-92A5-34C6D236A33F}
		{42484251-212D-43C9-9F69-F1EC504967C9} = {B57A4401-0030-40DF-92A5-34C6D236A33F}
		{A15FC7BE-EB4E-425C-A644-61F12B8D7BB1} = {635DBBC5-2311-40C2-8BD7-06A8AFC54259}
		{33D34010-173C-42A1-A3B9-7D84BCCEBDFE} = {635DBBC5-2311-40C2-8BD7-06A8AFC54259}
		{40E05BF6-35D3-470D-88EB-54F9F397A4DC} = {635DBBC5-2311-40C2-8BD7-06A8AFC54259}
		{9D8DA495-3174-4DC5-8A52-5E17B9EE8BDC} = {635DBBC5-2311-40C2-8BD7-06A8AFC54259}
		{C3842264-9A89-42E3-9F1F-4604EEB86BCE} = {635DBBC5-2311-40C2-8BD7-06A8AFC54259}
		{20AA017C-DBD1-49F9-9556-3691AAC3938F} = {635DBBC5-2311-40C2-8BD7-06A8AFC54259}
		{59F4C5E3-2F36-4396-B82C-2CF8EA24DB87} = {5053A23D-6227-4599-B48F-234E3C4C8212}
		{66E36FFF-E0DE-4E7B-ABF0-77CD76FE2C12} = {5053A23D-6227-4599-B48F-234E3C4C8212}
		{07EBAFCB-D89E-440F-AB1C-EC77EE11BCA5} = {40CBE893-D639-45AC-86FE-BB4726660624}
		{89E49D60-F7E9-4099-A8F8-5E1A3836D3DF} = {40CBE893-D639-45AC-86FE-BB4726660624}
		{D0393E31-6D4B-4580-9718-A8A730CDCB69} = {D4D9F555-34B9-4EBC-A477-B165C5F1AF41}
		{47EC9B20-C937-4049-9E68-80F13A82148F} = {83698C07-C8AC-4216-A748-B0B0B62EEEB5}
		{9932054F-401D-4EFA-93A6-5D14B1585207} = {83698C07-C8AC-4216-A748-B0B0B62EEEB5}
		{3CE81FBD-CE98-4EC7-A016-B2F95E1E2E63} = {83698C07-C8AC-4216-A748-B0B0B62EEEB5}
		{777C124E-A087-4407-9D77-AAC8DB10D41F} = {83698C07-C8AC-4216-A748-B0B0B62EEEB5}
		{4CC34437-7708-4584-BF29-1CBD5A9348BF} = {83698C07-C8AC-4216-A748-B0B0B62EEEB5}
		{BB991D58-D3DE-4F05-ABE1-EFE7DF1971E3} = {83698C07-C8AC-4216-A748-B0B0B62EEEB5}
	EndGlobalSection
EndGlobal
